
Microsoft Visual Studio Solution File, Format Version 12.00
# Visual Studio Version 17
VisualStudioVersion = 17.7.34009.444
MinimumVisualStudioVersion = 10.0.40219.1
Project("{FAE04EC0-301F-11D3-BF4B-00C04F79EFBC}") = "Asp.Net-Core-MVC-CRUD-Operations-Using-PostgresSQL", "Asp.Net-Core-MVC-CRUD-Operations-Using-PostgresSQL\Asp.Net-Core-MVC-CRUD-Operations-Using-PostgresSQL.csproj", "{1D84D391-41F6-4343-9CF8-C87C8B03478E}"
EndProject
Global
	GlobalSection(SolutionConfigurationPlatforms) = preSolution
		Debug|Any CPU = Debug|Any CPU
		Release|Any CPU = Release|Any CPU
	EndGlobalSection
	GlobalSection(ProjectConfigurationPlatforms) = postSolution
		{1D84D391-41F6-4343-9CF8-C87C8B03478E}.Debug|Any CPU.ActiveCfg = Debug|Any CPU
		{1D84D391-41F6-4343-9CF8-C87C8B03478E}.Debug|Any CPU.Build.0 = Debug|Any CPU
		{1D84D391-41F6-4343-9CF8-C87C8B03478E}.Release|Any CPU.ActiveCfg = Release|Any CPU
		{1D84D391-41F6-4343-9CF8-C87C8B03478E}.Release|Any CPU.Build.0 = Release|Any CPU
	EndGlobalSection
	GlobalSection(SolutionProperties) = preSolution
		HideSolutionNode = FALSE
	EndGlobalSection
	GlobalSection(ExtensibilityGlobals) = postSolution
		SolutionGuid = {F6C1F4A3-F3A8-4066-BD77-A76D29E8A44F}
	EndGlobalSection
EndGlobal
